github.com/dnb-hugo/blocks v0.0.3 h1:ZdUwfYx0Br50no6Wx+e2TC0ELWo8C3Kg7SMSsEE+2+M=
github.com/dnb-hugo/blocks/bootstrap5 v0.0.2 h1:v0Tq8cCgsyiW16M7DuQ6spzjJ0ObgTyVSYhkFAtNOik=
github.com/dnb-hugo/blocks/bootstrap5 v0.0.2/go.mod h1:2kqEXaSqas/kKVXeEwagqHYcApBFUHxaMfzGWUtazgA=
github.com/dnb-hugo/blocks/bootstrap5 v1.0.13 h1:WyKziPkSuuj39ojbq9qdAdfLaUm5SLQU4w584WSB5XA=
github.com/dnb-hugo/blocks/bootstrap5 v1.0.13/go.mod h1:mATmOIJfro2XDfgMf4MtVbsSu7EN7KRZeK33zlx+DXs=
github.com/dnb-hugo/components v0.0.0-20201227102826-a3e4acc3ee0b h1:vNRu5bNDMJN1YcqZfsSuPwORCVzOVdBiS8CkWs72qSw=
github.com/dnb-hugo/components/functions v1.0.5 h1:9M+SRFSM1AWphhpL1e8ZVALNCw+2fh1Rot7ZGVZlD8s=
github.com/dnb-hugo/components/functions v1.0.5/go.mod h1:D1wuewBIRi/K+JS40raRu4iPYReMNYguOF/vXJ7Jv2c=
github.com/dnb-hugo/components/functions v1.0.9/go.mod h1:D1wuewBIRi/K+JS40raRu4iPYReMNYguOF/vXJ7Jv2c=
github.com/dnb-hugo/components/netlification v1.1.3 h1:1pJ1qb6vM9zYbILRepO0VonnFsiz5Q29rbGRrFKOz74=
github.com/dnb-hugo/components/netlification v1.1.3/go.mod h1:/iJyqaQDqkx4iUBFMk/8ogo3V8L3tOzwVprsS07+Brc=
github.com/dnb-hugo/components/netlification v1.1.6 h1:phEzgrMjLdYyLrog4/RRCPWtPB/AY+08ex5CETJW3JM=
github.com/dnb-hugo/components/netlification v1.1.6/go.mod h1:/iJyqaQDqkx4iUBFMk/8ogo3V8L3tOzwVprsS07+Brc=
github.com/dnb-hugo/components/opensearch v1.0.0 h1:2NOO8ZwztGrPisy8bCIptcdby+AGS8m8MVep/bXu1Qw=
github.com/dnb-hugo/components/opensearch v1.0.0/go.mod h1:njg6EUuNlbY4SbhPqXy+3E6Gebn/EwWo/UKws1Ea1mQ=
github.com/dnb-hugo/components/opensearch v1.0.1 h1:02SgDrdkYrHu8hxF5nD+Of0JBiOJF5GUSMjRA+bta3w=
github.com/dnb-hugo/components/opensearch v1.0.1/go.mod h1:njg6EUuNlbY4SbhPqXy+3E6Gebn/EwWo/UKws1Ea1mQ=
github.com/dnb-hugo/components/robots v1.0.3 h1:OeRfHuYJlMm43aD+0wAwUmq/gGlk8/0HjYknJ//0ug0=
github.com/dnb-hugo/components/robots v1.0.3/go.mod h1:bBjleToKX3GqeJJodfd7+Ue6xU3z5x8Zpm+drSUQmrA=
github.com/dnb-hugo/components/robots v1.0.4 h1:ZxRZMV6+Dj1vNDgdoyKgNrC949Ig6RAMEYthV+Kpo6U=
github.com/dnb-hugo/components/robots v1.0.4/go.mod h1:bBjleToKX3GqeJJodfd7+Ue6xU3z5x8Zpm+drSUQmrA=
github.com/dnb-hugo/components/sitemap v1.0.3 h1:zNWGxc8eN6bsgSg+BGzmfHg6FRHDMmwNcATWEHji9WM=
github.com/dnb-hugo/components/sitemap v1.0.3/go.mod h1:ubgzNoQXdBxRSUC/szjFzv+CDpWqkEtZplhcqxPGDmY=
github.com/dnb-hugo/components/sitemap v1.0.4 h1:uhx9B0HbWUmA9sifOZUVQ07kYxianufVvSgp/ad2FiQ=
github.com/dnb-hugo/components/sitemap v1.0.4/go.mod h1:ubgzNoQXdBxRSUC/szjFzv+CDpWqkEtZplhcqxPGDmY=
github.com/dnb-hugo/debugprint v0.0.10 h1:hZoAqI+fLHTkWE9Pezv9V31uZhdAwRInoyobOUTMosE=
github.com/dnb-hugo/debugprint v0.0.10/go.mod h1:YMvTiP34ADcKHOtCpjeIuzfDyXrh0mSKvfjVt/WXpLM=
github.com/dnb-hugo/debugprint v1.0.7 h1:4vwpai0T7Y9rH5ZPUwvUN0rnBi6Ktk/QWCmNNcn8/nU=
github.com/dnb-hugo/debugprint v1.0.7/go.mod h1:YMvTiP34ADcKHOtCpjeIuzfDyXrh0mSKvfjVt/WXpLM=
github.com/dnb-hugo/libraries v1.0.6 h1:lv2vSCF5ark+oiWeuxXL1FtCLPbofwnvBKXuFGWOWPM=
github.com/dnb-hugo/libraries/bootstrap-icons v1.3.0 h1:m+BYjWffn2aPsYonqNGtCe0QeBlTM/maL9Yp/bEIiBo=
github.com/dnb-hugo/libraries/bootstrap-icons v1.3.0/go.mod h1:s2O49TxmELXraw3IZq9zLO+XlORr7eCvwDpQUqJRX7Q=
github.com/dnb-hugo/libraries/bootstrap-icons v1.3.1 h1:pe+BRZ4UdsQzcVE5/9zb6fllws32HWs3FdPtKu2EHg8=
github.com/dnb-hugo/libraries/bootstrap-icons v1.3.1/go.mod h1:sgKUgwtMNDl9TEalhSHlD6hKoMIsQq/Eps8rDV1Sd28=
github.com/dnb-hugo/libraries/bootstrap5 v1.2.0 h1:bfQ//pGI71fGda7Mxph744Z8+cm8fbK7yVhpgsPA8VQ=
github.com/dnb-hugo/libraries/bootstrap5 v1.2.0/go.mod h1:f1PHdrXdCZgkLcbuiTQ9ml8YGxoLw7VWkAapiZoeHtg=
github.com/dnb-hugo/libraries/popper.js v1.1.2 h1:f2E9px36dUdjaSt8TwJpsSOkevOKtV2bkbXgCKWk7sI=
github.com/dnb-hugo/libraries/popper.js v1.1.2/go.mod h1:I10AsR1CyPWU5cpsSYhpZaeHCfdMownxSDcye/WJvlc=
github.com/dnb-hugo/shortcodes v1.1.7 h1:NGrx7Kyy/oCnhuQ+QyhwkmZ82/XAvLiWqsrX1HBGKDo=
github.com/dnb-hugo/shortcodes v1.1.7/go.mod h1:sME2rlv6M2XDrBmuVRKFFX3bVW3fDk7hZ0P+2HKh6yQ=
github.com/dnb-hugo/shortcodes v1.1.13 h1:4tFFVkWNL80AwaOtaLEfT5dan7YDQ0RVyADxGjwmfhI=
github.com/dnb-hugo/shortcodes v1.1.13/go.mod h1:sME2rlv6M2XDrBmuVRKFFX3bVW3fDk7hZ0P+2HKh6yQ=
github.com/popperjs/popper-core v2.5.4+incompatible/go.mod h1:rrRYxxxrr6Y+9S8V9ttEFhsPN5sFPapL1QOzxjoDz0o=
github.com/twbs/bootstrap v5.0.0-beta1+incompatible/go.mod h1:fZTSrkpSf0/HkL0IIJzvVspTt1r9zuf7XlZau8kpcY0=
github.com/twbs/icons v1.2.1/go.mod h1:GnRlymgVWp5iVJCMa0Me5b6tFyGpVc2bSxPMRGIJmyA=
github.com/twbs/icons v1.3.0/go.mod h1:GnRlymgVWp5iVJCMa0Me5b6tFyGpVc2bSxPMRGIJmyA=
